
Microsoft Visual Studio Solution File, Format Version 12.00
# Visual Studio Version 17
VisualStudioVersion = 17.0.31903.59
MinimumVisualStudioVersion = 10.0.40219.1
Project("{FAE04EC0-301F-11D3-BF4B-00C04F79EFBC}") = "Harness", "Harness\Harness.csproj", "{DA564E3E-1F83-4EF5-BD32-B3C5BC39F656}"
EndProject
Project("{FAE04EC0-301F-11D3-BF4B-00C04F79EFBC}") = "Harness.Tests", "Harness.Tests\Harness.Tests.csproj", "{A429A4F2-64B5-4335-9887-A58BCCBA3367}"
EndProject
Project("{FAE04EC0-301F-11D3-BF4B-00C04F79EFBC}") = "Harness.S7", "Harness.S7\Harness.S7.csproj", "{E4C4ABB5-50B2-4EF7-B7C1-2229BF8654DD}"
EndProject
Project("{FAE04EC0-301F-11D3-BF4B-00C04F79EFBC}") = "Harness.S7.Tests", "Harness.S7.Tests\Harness.S7.Tests.csproj", "{110DBFB4-1EAE-4429-ACBE-6D3D82587E2C}"
EndProject
Project("{FAE04EC0-301F-11D3-BF4B-00C04F79EFBC}") = "Harness.RigWrite", "Harness.RigWrite\Harness.RigWrite.csproj", "{195ACD8A-A30E-4FB1-AD26-93F8A1194175}"
EndProject
Project("{FAE04EC0-301F-11D3-BF4B-00C04F79EFBC}") = "Harness.RigRead", "Harness.RigRead\Harness.RigRead.csproj", "{47A7CAD2-6BBE-4EFB-8273-0D649006E21F}"
EndProject
Project("{FAE04EC0-301F-11D3-BF4B-00C04F79EFBC}") = "Harness.Map", "Harness.Map\Harness.Map.csproj", "{B141887F-FF74-4534-9C9B-49070A41D261}"
EndProject
Project("{FAE04EC0-301F-11D3-BF4B-00C04F79EFBC}") = "Harness.Map.Tests", "Harness.Map.Tests\Harness.Map.Tests.csproj", "{7D69747F-BE71-44C0-9A84-0CA54E37C498}"
EndProject
Global
	GlobalSection(SolutionConfigurationPlatforms) = preSolution
		Debug|Any CPU = Debug|Any CPU
		Release|Any CPU = Release|Any CPU
	EndGlobalSection
	GlobalSection(SolutionProperties) = preSolution
		HideSolutionNode = FALSE
	EndGlobalSection
	GlobalSection(ProjectConfigurationPlatforms) = postSolution
		{DA564E3E-1F83-4EF5-BD32-B3C5BC39F656}.Debug|Any CPU.ActiveCfg = Debug|Any CPU
		{DA564E3E-1F83-4EF5-BD32-B3C5BC39F656}.Debug|Any CPU.Build.0 = Debug|Any CPU
		{DA564E3E-1F83-4EF5-BD32-B3C5BC39F656}.Release|Any CPU.ActiveCfg = Release|Any CPU
		{DA564E3E-1F83-4EF5-BD32-B3C5BC39F656}.Release|Any CPU.Build.0 = Release|Any CPU
		{A429A4F2-64B5-4335-9887-A58BCCBA3367}.Debug|Any CPU.ActiveCfg = Debug|Any CPU
		{A429A4F2-64B5-4335-9887-A58BCCBA3367}.Debug|Any CPU.Build.0 = Debug|Any CPU
		{A429A4F2-64B5-4335-9887-A58BCCBA3367}.Release|Any CPU.ActiveCfg = Release|Any CPU
		{A429A4F2-64B5-4335-9887-A58BCCBA3367}.Release|Any CPU.Build.0 = Release|Any CPU
		{E4C4ABB5-50B2-4EF7-B7C1-2229BF8654DD}.Debug|Any CPU.ActiveCfg = Debug|Any CPU
		{E4C4ABB5-50B2-4EF7-B7C1-2229BF8654DD}.Debug|Any CPU.Build.0 = Debug|Any CPU
		{E4C4ABB5-50B2-4EF7-B7C1-2229BF8654DD}.Release|Any CPU.ActiveCfg = Release|Any CPU
		{E4C4ABB5-50B2-4EF7-B7C1-2229BF8654DD}.Release|Any CPU.Build.0 = Release|Any CPU
		{110DBFB4-1EAE-4429-ACBE-6D3D82587E2C}.Debug|Any CPU.ActiveCfg = Debug|Any CPU
		{110DBFB4-1EAE-4429-ACBE-6D3D82587E2C}.Debug|Any CPU.Build.0 = Debug|Any CPU
		{110DBFB4-1EAE-4429-ACBE-6D3D82587E2C}.Release|Any CPU.ActiveCfg = Release|Any CPU
		{110DBFB4-1EAE-4429-ACBE-6D3D82587E2C}.Release|Any CPU.Build.0 = Release|Any CPU
		{195ACD8A-A30E-4FB1-AD26-93F8A1194175}.Debug|Any CPU.ActiveCfg = Debug|Any CPU
		{195ACD8A-A30E-4FB1-AD26-93F8A1194175}.Debug|Any CPU.Build.0 = Debug|Any CPU
		{195ACD8A-A30E-4FB1-AD26-93F8A1194175}.Release|Any CPU.ActiveCfg = Release|Any CPU
		{195ACD8A-A30E-4FB1-AD26-93F8A1194175}.Release|Any CPU.Build.0 = Release|Any CPU
		{47A7CAD2-6BBE-4EFB-8273-0D649006E21F}.Debug|Any CPU.ActiveCfg = Debug|Any CPU
		{47A7CAD2-6BBE-4EFB-8273-0D649006E21F}.Debug|Any CPU.Build.0 = Debug|Any CPU
		{47A7CAD2-6BBE-4EFB-8273-0D649006E21F}.Release|Any CPU.ActiveCfg = Release|Any CPU
		{47A7CAD2-6BBE-4EFB-8273-0D649006E21F}.Release|Any CPU.Build.0 = Release|Any CPU
		{B141887F-FF74-4534-9C9B-49070A41D261}.Debug|Any CPU.ActiveCfg = Debug|Any CPU
		{B141887F-FF74-4534-9C9B-49070A41D261}.Debug|Any CPU.Build.0 = Debug|Any CPU
		{B141887F-FF74-4534-9C9B-49070A41D261}.Release|Any CPU.ActiveCfg = Release|Any CPU
		{B141887F-FF74-4534-9C9B-49070A41D261}.Release|Any CPU.Build.0 = Release|Any CPU
		{7D69747F-BE71-44C0-9A84-0CA54E37C498}.Debug|Any CPU.ActiveCfg = Debug|Any CPU
		{7D69747F-BE71-44C0-9A84-0CA54E37C498}.Debug|Any CPU.Build.0 = Debug|Any CPU
		{7D69747F-BE71-44C0-9A84-0CA54E37C498}.Release|Any CPU.ActiveCfg = Release|Any CPU
		{7D69747F-BE71-44C0-9A84-0CA54E37C498}.Release|Any CPU.Build.0 = Release|Any CPU
	EndGlobalSection
EndGlobal
