
Microsoft Visual Studio Solution File, Format Version 12.00
# Visual Studio Version 17
VisualStudioVersion = 17.0.31903.59
MinimumVisualStudioVersion = 10.0.40219.1
Project("{FAE04EC0-301F-11D3-BF4B-00C04F79EFBC}") = "Harness", "Harness\Harness.csproj", "{DA564E3E-1F83-4EF5-BD32-B3C5BC39F656}"
EndProject
Project("{FAE04EC0-301F-11D3-BF4B-00C04F79EFBC}") = "Harness.Tests", "Harness.Tests\Harness.Tests.csproj", "{A429A4F2-64B5-4335-9887-A58BCCBA3367}"
EndProject
Project("{FAE04EC0-301F-11D3-BF4B-00C04F79EFBC}") = "Harness.S7", "Harness.S7\Harness.S7.csproj", "{E4C4ABB5-50B2-4EF7-B7C1-2229BF8654DD}"
EndProject
Project("{FAE04EC0-301F-11D3-BF4B-00C04F79EFBC}") = "Harness.S7.Tests", "Harness.S7.Tests\Harness.S7.Tests.csproj", "{110DBFB4-1EAE-4429-ACBE-6D3D82587E2C}"
EndProject
Project("{FAE04EC0-301F-11D3-BF4B-00C04F79EFBC}") = "Harness.RigWrite", "Harness.RigWrite\Harness.RigWrite.csproj", "{195ACD8A-A30E-4FB1-AD26-93F8A1194175}"
EndProject
Project("{FAE04EC0-301F-11D3-BF4B-00C04F79EFBC}") = "Harness.RigRead", "Harness.RigRead\Harness.RigRead.csproj", "{47A7CAD2-6BBE-4EFB-8273-0D649006E21F}"
EndProject
Project("{FAE04EC0-301F-11D3-BF4B-00C04F79EFBC}") = "Harness.Map", "Harness.Map\Harness.Map.csproj", "{B141887F-FF74-4534-9C9B-49070A41D261}"
EndProject
Project("{FAE04EC0-301F-11D3-BF4B-00C04F79EFBC}") = "Harness.Map.Tests", "Harness.Map.Tests\Harness.Map.Tests.csproj", "{7D69747F-BE71-44C0-9A84-0CA54E37C498}"
EndProject
Project("{FAE04EC0-301F-11D3-BF4B-00C04F79EFBC}") = "Harness.Wire", "Harness.Wire\Harness.Wire.csproj", "{831E959A-F0D6-4EF8-9775-825DB63541C4}"
EndProject
Project("{FAE04EC0-301F-11D3-BF4B-00C04F79EFBC}") = "Harness.Wire.Tests", "Harness.Wire.Tests\Harness.Wire.Tests.csproj", "{F75A3F96-117F-4998-A4E0-6A6AABC96B46}"
EndProject
Project("{FAE04EC0-301F-11D3-BF4B-00C04F79EFBC}") = "Harness.Skeleton", "Harness.Skeleton\Harness.Skeleton.csproj", "{121680E9-BAD1-487E-A29A-887E9AB85FE0}"
EndProject
Project("{FAE04EC0-301F-11D3-BF4B-00C04F79EFBC}") = "Harness.Skeleton.Tests", "Harness.Skeleton.Tests\Harness.Skeleton.Tests.csproj", "{CF96E708-4A6C-4762-885A-A52127CEA538}"
EndProject
Project("{FAE04EC0-301F-11D3-BF4B-00C04F79EFBC}") = "Harness.Results", "Harness.Results\Harness.Results.csproj", "{2FB0982A-0935-4E32-AAF2-A6E65577311D}"
EndProject
Project("{FAE04EC0-301F-11D3-BF4B-00C04F79EFBC}") = "Harness.Results.Tests", "Harness.Results.Tests\Harness.Results.Tests.csproj", "{50589BDA-4D35-4198-984A-7E555128C9FF}"
EndProject
Project("{FAE04EC0-301F-11D3-BF4B-00C04F79EFBC}") = "Harness.Gate", "Harness.Gate\Harness.Gate.csproj", "{0FC27B58-4ED8-4262-B31D-CFD971E2D90C}"
EndProject
Project("{FAE04EC0-301F-11D3-BF4B-00C04F79EFBC}") = "Harness.Loop", "Harness.Loop\Harness.Loop.csproj", "{E0D999D0-641F-4111-AD01-6BFFA3A8F411}"
EndProject
Project("{FAE04EC0-301F-11D3-BF4B-00C04F79EFBC}") = "Harness.Loop.Tests", "Harness.Loop.Tests\Harness.Loop.Tests.csproj", "{0DC1B054-5108-4D5D-8E07-6A38BD7FC3D9}"
EndProject
Project("{FAE04EC0-301F-11D3-BF4B-00C04F79EFBC}") = "Harness.Device", "Harness.Device\Harness.Device.csproj", "{675A87A9-02DE-4249-8415-3E5F24635E31}"
EndProject
Project("{FAE04EC0-301F-11D3-BF4B-00C04F79EFBC}") = "Harness.Device.Tests", "Harness.Device.Tests\Harness.Device.Tests.csproj", "{B3D5ABAC-CD68-442E-9491-1C27786B8A94}"
EndProject
Project("{FAE04EC0-301F-11D3-BF4B-00C04F79EFBC}") = "DownloadFeedback", "..\download-feedback\DownloadFeedback\DownloadFeedback.csproj", "{3F155B59-1695-4D66-91C2-402A09DA2CD2}"
EndProject
Project("{FAE04EC0-301F-11D3-BF4B-00C04F79EFBC}") = "Harness.Run", "Harness.Run\Harness.Run.csproj", "{C0A7926E-2695-4948-B844-5871E46F0CE6}"
EndProject
Project("{FAE04EC0-301F-11D3-BF4B-00C04F79EFBC}") = "DeviceGuard", "..\device-guard\DeviceGuard\DeviceGuard.csproj", "{549AAB8E-63C6-40BE-B325-D2949A81A713}"
EndProject
Project("{FAE04EC0-301F-11D3-BF4B-00C04F79EFBC}") = "Harness.RigControl", "Harness.RigControl\Harness.RigControl.csproj", "{4DD6E541-FA91-4C38-88D9-BBD84F7DCDDA}"
EndProject
Project("{FAE04EC0-301F-11D3-BF4B-00C04F79EFBC}") = "Harness.RigControl.Tests", "Harness.RigControl.Tests\Harness.RigControl.Tests.csproj", "{57FC957E-4B8D-4EB9-8CCB-568811454F25}"
EndProject
Project("{FAE04EC0-301F-11D3-BF4B-00C04F79EFBC}") = "Harness.MirrorRead", "Harness.MirrorRead\Harness.MirrorRead.csproj", "{1A253277-6CA6-4A8F-B8E9-68E6E195AB37}"
EndProject
Project("{FAE04EC0-301F-11D3-BF4B-00C04F79EFBC}") = "Harness.MirrorRead.Tests", "Harness.MirrorRead.Tests\Harness.MirrorRead.Tests.csproj", "{BDFD2B20-AC4A-4F2D-86AC-00D26435E9D1}"
EndProject
Project("{FAE04EC0-301F-11D3-BF4B-00C04F79EFBC}") = "Harness.MirrorView", "Harness.MirrorView\Harness.MirrorView.csproj", "{7D80682F-78CC-4A8A-AE61-6CF1A7AB9AF7}"
EndProject
Project("{FAE04EC0-301F-11D3-BF4B-00C04F79EFBC}") = "Harness.MirrorView.Tests", "Harness.MirrorView.Tests\Harness.MirrorView.Tests.csproj", "{8716BB5E-AE6A-49C5-846E-32820FBB0F26}"
EndProject
Global
	GlobalSection(SolutionConfigurationPlatforms) = preSolution
		Debug|Any CPU = Debug|Any CPU
		Release|Any CPU = Release|Any CPU
	EndGlobalSection
	GlobalSection(SolutionProperties) = preSolution
		HideSolutionNode = FALSE
	EndGlobalSection
	GlobalSection(ProjectConfigurationPlatforms) = postSolution
		{DA564E3E-1F83-4EF5-BD32-B3C5BC39F656}.Debug|Any CPU.ActiveCfg = Debug|Any CPU
		{DA564E3E-1F83-4EF5-BD32-B3C5BC39F656}.Debug|Any CPU.Build.0 = Debug|Any CPU
		{DA564E3E-1F83-4EF5-BD32-B3C5BC39F656}.Release|Any CPU.ActiveCfg = Release|Any CPU
		{DA564E3E-1F83-4EF5-BD32-B3C5BC39F656}.Release|Any CPU.Build.0 = Release|Any CPU
		{A429A4F2-64B5-4335-9887-A58BCCBA3367}.Debug|Any CPU.ActiveCfg = Debug|Any CPU
		{A429A4F2-64B5-4335-9887-A58BCCBA3367}.Debug|Any CPU.Build.0 = Debug|Any CPU
		{A429A4F2-64B5-4335-9887-A58BCCBA3367}.Release|Any CPU.ActiveCfg = Release|Any CPU
		{A429A4F2-64B5-4335-9887-A58BCCBA3367}.Release|Any CPU.Build.0 = Release|Any CPU
		{E4C4ABB5-50B2-4EF7-B7C1-2229BF8654DD}.Debug|Any CPU.ActiveCfg = Debug|Any CPU
		{E4C4ABB5-50B2-4EF7-B7C1-2229BF8654DD}.Debug|Any CPU.Build.0 = Debug|Any CPU
		{E4C4ABB5-50B2-4EF7-B7C1-2229BF8654DD}.Release|Any CPU.ActiveCfg = Release|Any CPU
		{E4C4ABB5-50B2-4EF7-B7C1-2229BF8654DD}.Release|Any CPU.Build.0 = Release|Any CPU
		{110DBFB4-1EAE-4429-ACBE-6D3D82587E2C}.Debug|Any CPU.ActiveCfg = Debug|Any CPU
		{110DBFB4-1EAE-4429-ACBE-6D3D82587E2C}.Debug|Any CPU.Build.0 = Debug|Any CPU
		{110DBFB4-1EAE-4429-ACBE-6D3D82587E2C}.Release|Any CPU.ActiveCfg = Release|Any CPU
		{110DBFB4-1EAE-4429-ACBE-6D3D82587E2C}.Release|Any CPU.Build.0 = Release|Any CPU
		{195ACD8A-A30E-4FB1-AD26-93F8A1194175}.Debug|Any CPU.ActiveCfg = Debug|Any CPU
		{195ACD8A-A30E-4FB1-AD26-93F8A1194175}.Debug|Any CPU.Build.0 = Debug|Any CPU
		{195ACD8A-A30E-4FB1-AD26-93F8A1194175}.Release|Any CPU.ActiveCfg = Release|Any CPU
		{195ACD8A-A30E-4FB1-AD26-93F8A1194175}.Release|Any CPU.Build.0 = Release|Any CPU
		{47A7CAD2-6BBE-4EFB-8273-0D649006E21F}.Debug|Any CPU.ActiveCfg = Debug|Any CPU
		{47A7CAD2-6BBE-4EFB-8273-0D649006E21F}.Debug|Any CPU.Build.0 = Debug|Any CPU
		{47A7CAD2-6BBE-4EFB-8273-0D649006E21F}.Release|Any CPU.ActiveCfg = Release|Any CPU
		{47A7CAD2-6BBE-4EFB-8273-0D649006E21F}.Release|Any CPU.Build.0 = Release|Any CPU
		{B141887F-FF74-4534-9C9B-49070A41D261}.Debug|Any CPU.ActiveCfg = Debug|Any CPU
		{B141887F-FF74-4534-9C9B-49070A41D261}.Debug|Any CPU.Build.0 = Debug|Any CPU
		{B141887F-FF74-4534-9C9B-49070A41D261}.Release|Any CPU.ActiveCfg = Release|Any CPU
		{B141887F-FF74-4534-9C9B-49070A41D261}.Release|Any CPU.Build.0 = Release|Any CPU
		{7D69747F-BE71-44C0-9A84-0CA54E37C498}.Debug|Any CPU.ActiveCfg = Debug|Any CPU
		{7D69747F-BE71-44C0-9A84-0CA54E37C498}.Debug|Any CPU.Build.0 = Debug|Any CPU
		{7D69747F-BE71-44C0-9A84-0CA54E37C498}.Release|Any CPU.ActiveCfg = Release|Any CPU
		{7D69747F-BE71-44C0-9A84-0CA54E37C498}.Release|Any CPU.Build.0 = Release|Any CPU
		{831E959A-F0D6-4EF8-9775-825DB63541C4}.Debug|Any CPU.ActiveCfg = Debug|Any CPU
		{831E959A-F0D6-4EF8-9775-825DB63541C4}.Debug|Any CPU.Build.0 = Debug|Any CPU
		{831E959A-F0D6-4EF8-9775-825DB63541C4}.Release|Any CPU.ActiveCfg = Release|Any CPU
		{831E959A-F0D6-4EF8-9775-825DB63541C4}.Release|Any CPU.Build.0 = Release|Any CPU
		{F75A3F96-117F-4998-A4E0-6A6AABC96B46}.Debug|Any CPU.ActiveCfg = Debug|Any CPU
		{F75A3F96-117F-4998-A4E0-6A6AABC96B46}.Debug|Any CPU.Build.0 = Debug|Any CPU
		{F75A3F96-117F-4998-A4E0-6A6AABC96B46}.Release|Any CPU.ActiveCfg = Release|Any CPU
		{F75A3F96-117F-4998-A4E0-6A6AABC96B46}.Release|Any CPU.Build.0 = Release|Any CPU
		{121680E9-BAD1-487E-A29A-887E9AB85FE0}.Debug|Any CPU.ActiveCfg = Debug|Any CPU
		{121680E9-BAD1-487E-A29A-887E9AB85FE0}.Debug|Any CPU.Build.0 = Debug|Any CPU
		{121680E9-BAD1-487E-A29A-887E9AB85FE0}.Release|Any CPU.ActiveCfg = Release|Any CPU
		{121680E9-BAD1-487E-A29A-887E9AB85FE0}.Release|Any CPU.Build.0 = Release|Any CPU
		{CF96E708-4A6C-4762-885A-A52127CEA538}.Debug|Any CPU.ActiveCfg = Debug|Any CPU
		{CF96E708-4A6C-4762-885A-A52127CEA538}.Debug|Any CPU.Build.0 = Debug|Any CPU
		{CF96E708-4A6C-4762-885A-A52127CEA538}.Release|Any CPU.ActiveCfg = Release|Any CPU
		{CF96E708-4A6C-4762-885A-A52127CEA538}.Release|Any CPU.Build.0 = Release|Any CPU
		{2FB0982A-0935-4E32-AAF2-A6E65577311D}.Debug|Any CPU.ActiveCfg = Debug|Any CPU
		{2FB0982A-0935-4E32-AAF2-A6E65577311D}.Debug|Any CPU.Build.0 = Debug|Any CPU
		{2FB0982A-0935-4E32-AAF2-A6E65577311D}.Release|Any CPU.ActiveCfg = Release|Any CPU
		{2FB0982A-0935-4E32-AAF2-A6E65577311D}.Release|Any CPU.Build.0 = Release|Any CPU
		{50589BDA-4D35-4198-984A-7E555128C9FF}.Debug|Any CPU.ActiveCfg = Debug|Any CPU
		{50589BDA-4D35-4198-984A-7E555128C9FF}.Debug|Any CPU.Build.0 = Debug|Any CPU
		{50589BDA-4D35-4198-984A-7E555128C9FF}.Release|Any CPU.ActiveCfg = Release|Any CPU
		{50589BDA-4D35-4198-984A-7E555128C9FF}.Release|Any CPU.Build.0 = Release|Any CPU
		{0FC27B58-4ED8-4262-B31D-CFD971E2D90C}.Debug|Any CPU.ActiveCfg = Debug|Any CPU
		{0FC27B58-4ED8-4262-B31D-CFD971E2D90C}.Debug|Any CPU.Build.0 = Debug|Any CPU
		{0FC27B58-4ED8-4262-B31D-CFD971E2D90C}.Release|Any CPU.ActiveCfg = Release|Any CPU
		{0FC27B58-4ED8-4262-B31D-CFD971E2D90C}.Release|Any CPU.Build.0 = Release|Any CPU
		{E0D999D0-641F-4111-AD01-6BFFA3A8F411}.Debug|Any CPU.ActiveCfg = Debug|Any CPU
		{E0D999D0-641F-4111-AD01-6BFFA3A8F411}.Debug|Any CPU.Build.0 = Debug|Any CPU
		{E0D999D0-641F-4111-AD01-6BFFA3A8F411}.Release|Any CPU.ActiveCfg = Release|Any CPU
		{E0D999D0-641F-4111-AD01-6BFFA3A8F411}.Release|Any CPU.Build.0 = Release|Any CPU
		{0DC1B054-5108-4D5D-8E07-6A38BD7FC3D9}.Debug|Any CPU.ActiveCfg = Debug|Any CPU
		{0DC1B054-5108-4D5D-8E07-6A38BD7FC3D9}.Debug|Any CPU.Build.0 = Debug|Any CPU
		{0DC1B054-5108-4D5D-8E07-6A38BD7FC3D9}.Release|Any CPU.ActiveCfg = Release|Any CPU
		{0DC1B054-5108-4D5D-8E07-6A38BD7FC3D9}.Release|Any CPU.Build.0 = Release|Any CPU
		{675A87A9-02DE-4249-8415-3E5F24635E31}.Debug|Any CPU.ActiveCfg = Debug|Any CPU
		{675A87A9-02DE-4249-8415-3E5F24635E31}.Debug|Any CPU.Build.0 = Debug|Any CPU
		{675A87A9-02DE-4249-8415-3E5F24635E31}.Release|Any CPU.ActiveCfg = Release|Any CPU
		{675A87A9-02DE-4249-8415-3E5F24635E31}.Release|Any CPU.Build.0 = Release|Any CPU
		{B3D5ABAC-CD68-442E-9491-1C27786B8A94}.Debug|Any CPU.ActiveCfg = Debug|Any CPU
		{B3D5ABAC-CD68-442E-9491-1C27786B8A94}.Debug|Any CPU.Build.0 = Debug|Any CPU
		{B3D5ABAC-CD68-442E-9491-1C27786B8A94}.Release|Any CPU.ActiveCfg = Release|Any CPU
		{B3D5ABAC-CD68-442E-9491-1C27786B8A94}.Release|Any CPU.Build.0 = Release|Any CPU
		{3F155B59-1695-4D66-91C2-402A09DA2CD2}.Debug|Any CPU.ActiveCfg = Debug|Any CPU
		{3F155B59-1695-4D66-91C2-402A09DA2CD2}.Debug|Any CPU.Build.0 = Debug|Any CPU
		{3F155B59-1695-4D66-91C2-402A09DA2CD2}.Release|Any CPU.ActiveCfg = Release|Any CPU
		{3F155B59-1695-4D66-91C2-402A09DA2CD2}.Release|Any CPU.Build.0 = Release|Any CPU
		{C0A7926E-2695-4948-B844-5871E46F0CE6}.Debug|Any CPU.ActiveCfg = Debug|Any CPU
		{C0A7926E-2695-4948-B844-5871E46F0CE6}.Debug|Any CPU.Build.0 = Debug|Any CPU
		{C0A7926E-2695-4948-B844-5871E46F0CE6}.Release|Any CPU.ActiveCfg = Release|Any CPU
		{C0A7926E-2695-4948-B844-5871E46F0CE6}.Release|Any CPU.Build.0 = Release|Any CPU
		{549AAB8E-63C6-40BE-B325-D2949A81A713}.Debug|Any CPU.ActiveCfg = Debug|Any CPU
		{549AAB8E-63C6-40BE-B325-D2949A81A713}.Debug|Any CPU.Build.0 = Debug|Any CPU
		{549AAB8E-63C6-40BE-B325-D2949A81A713}.Release|Any CPU.ActiveCfg = Release|Any CPU
		{549AAB8E-63C6-40BE-B325-D2949A81A713}.Release|Any CPU.Build.0 = Release|Any CPU
		{4DD6E541-FA91-4C38-88D9-BBD84F7DCDDA}.Debug|Any CPU.ActiveCfg = Debug|Any CPU
		{4DD6E541-FA91-4C38-88D9-BBD84F7DCDDA}.Debug|Any CPU.Build.0 = Debug|Any CPU
		{4DD6E541-FA91-4C38-88D9-BBD84F7DCDDA}.Release|Any CPU.ActiveCfg = Release|Any CPU
		{4DD6E541-FA91-4C38-88D9-BBD84F7DCDDA}.Release|Any CPU.Build.0 = Release|Any CPU
		{57FC957E-4B8D-4EB9-8CCB-568811454F25}.Debug|Any CPU.ActiveCfg = Debug|Any CPU
		{57FC957E-4B8D-4EB9-8CCB-568811454F25}.Debug|Any CPU.Build.0 = Debug|Any CPU
		{57FC957E-4B8D-4EB9-8CCB-568811454F25}.Release|Any CPU.ActiveCfg = Release|Any CPU
		{57FC957E-4B8D-4EB9-8CCB-568811454F25}.Release|Any CPU.Build.0 = Release|Any CPU
		{1A253277-6CA6-4A8F-B8E9-68E6E195AB37}.Debug|Any CPU.ActiveCfg = Debug|Any CPU
		{1A253277-6CA6-4A8F-B8E9-68E6E195AB37}.Debug|Any CPU.Build.0 = Debug|Any CPU
		{1A253277-6CA6-4A8F-B8E9-68E6E195AB37}.Release|Any CPU.ActiveCfg = Release|Any CPU
		{1A253277-6CA6-4A8F-B8E9-68E6E195AB37}.Release|Any CPU.Build.0 = Release|Any CPU
		{BDFD2B20-AC4A-4F2D-86AC-00D26435E9D1}.Debug|Any CPU.ActiveCfg = Debug|Any CPU
		{BDFD2B20-AC4A-4F2D-86AC-00D26435E9D1}.Debug|Any CPU.Build.0 = Debug|Any CPU
		{BDFD2B20-AC4A-4F2D-86AC-00D26435E9D1}.Release|Any CPU.ActiveCfg = Release|Any CPU
		{BDFD2B20-AC4A-4F2D-86AC-00D26435E9D1}.Release|Any CPU.Build.0 = Release|Any CPU
		{7D80682F-78CC-4A8A-AE61-6CF1A7AB9AF7}.Debug|Any CPU.ActiveCfg = Debug|Any CPU
		{7D80682F-78CC-4A8A-AE61-6CF1A7AB9AF7}.Debug|Any CPU.Build.0 = Debug|Any CPU
		{7D80682F-78CC-4A8A-AE61-6CF1A7AB9AF7}.Release|Any CPU.ActiveCfg = Release|Any CPU
		{7D80682F-78CC-4A8A-AE61-6CF1A7AB9AF7}.Release|Any CPU.Build.0 = Release|Any CPU
		{8716BB5E-AE6A-49C5-846E-32820FBB0F26}.Debug|Any CPU.ActiveCfg = Debug|Any CPU
		{8716BB5E-AE6A-49C5-846E-32820FBB0F26}.Debug|Any CPU.Build.0 = Debug|Any CPU
		{8716BB5E-AE6A-49C5-846E-32820FBB0F26}.Release|Any CPU.ActiveCfg = Release|Any CPU
		{8716BB5E-AE6A-49C5-846E-32820FBB0F26}.Release|Any CPU.Build.0 = Release|Any CPU
	EndGlobalSection
EndGlobal
