
Microsoft Visual Studio Solution File, Format Version 12.00
# Visual Studio Version 17
VisualStudioVersion = 17.0.31903.59
MinimumVisualStudioVersion = 10.0.40219.1
Project("{FAE04EC0-301F-11D3-BF4B-00C04F79EFBC}") = "Converter", "Converter\Converter.csproj", "{1D82210E-1E67-4CE9-B872-07672494CC3C}"
EndProject
Project("{FAE04EC0-301F-11D3-BF4B-00C04F79EFBC}") = "Converter.Tests", "Converter.Tests\Converter.Tests.csproj", "{AF051952-6A81-44C6-8A15-2929907C960A}"
EndProject
Project("{FAE04EC0-301F-11D3-BF4B-00C04F79EFBC}") = "WaveControl", "..\wave-control\WaveControl\WaveControl.csproj", "{956FFB45-95A5-467F-A9B2-E9F723D3DE96}"
EndProject
Global
	GlobalSection(SolutionConfigurationPlatforms) = preSolution
		Debug|Any CPU = Debug|Any CPU
		Release|Any CPU = Release|Any CPU
	EndGlobalSection
	GlobalSection(SolutionProperties) = preSolution
		HideSolutionNode = FALSE
	EndGlobalSection
	GlobalSection(ProjectConfigurationPlatforms) = postSolution
		{1D82210E-1E67-4CE9-B872-07672494CC3C}.Debug|Any CPU.ActiveCfg = Debug|Any CPU
		{1D82210E-1E67-4CE9-B872-07672494CC3C}.Debug|Any CPU.Build.0 = Debug|Any CPU
		{1D82210E-1E67-4CE9-B872-07672494CC3C}.Release|Any CPU.ActiveCfg = Release|Any CPU
		{1D82210E-1E67-4CE9-B872-07672494CC3C}.Release|Any CPU.Build.0 = Release|Any CPU
		{AF051952-6A81-44C6-8A15-2929907C960A}.Debug|Any CPU.ActiveCfg = Debug|Any CPU
		{AF051952-6A81-44C6-8A15-2929907C960A}.Debug|Any CPU.Build.0 = Debug|Any CPU
		{AF051952-6A81-44C6-8A15-2929907C960A}.Release|Any CPU.ActiveCfg = Release|Any CPU
		{AF051952-6A81-44C6-8A15-2929907C960A}.Release|Any CPU.Build.0 = Release|Any CPU
		{956FFB45-95A5-467F-A9B2-E9F723D3DE96}.Debug|Any CPU.ActiveCfg = Debug|Any CPU
		{956FFB45-95A5-467F-A9B2-E9F723D3DE96}.Debug|Any CPU.Build.0 = Debug|Any CPU
		{956FFB45-95A5-467F-A9B2-E9F723D3DE96}.Release|Any CPU.ActiveCfg = Release|Any CPU
		{956FFB45-95A5-467F-A9B2-E9F723D3DE96}.Release|Any CPU.Build.0 = Release|Any CPU
	EndGlobalSection
EndGlobal
