
Microsoft Visual Studio Solution File, Format Version 12.00
# Visual Studio Version 17
VisualStudioVersion = 17.0.31903.59
MinimumVisualStudioVersion = 10.0.40219.1
Project("{FAE04EC0-301F-11D3-BF4B-00C04F79EFBC}") = "DownloadFeedback", "DownloadFeedback\DownloadFeedback.csproj", "{66D2088B-EBE2-4214-9A2E-0A2F44873963}"
EndProject
Project("{FAE04EC0-301F-11D3-BF4B-00C04F79EFBC}") = "DownloadFeedback.Tests", "DownloadFeedback.Tests\DownloadFeedback.Tests.csproj", "{12A9DE06-52C8-4B50-B845-76BBDC4481DA}"
EndProject
Global
	GlobalSection(SolutionConfigurationPlatforms) = preSolution
		Debug|Any CPU = Debug|Any CPU
		Release|Any CPU = Release|Any CPU
	EndGlobalSection
	GlobalSection(SolutionProperties) = preSolution
		HideSolutionNode = FALSE
	EndGlobalSection
	GlobalSection(ProjectConfigurationPlatforms) = postSolution
		{66D2088B-EBE2-4214-9A2E-0A2F44873963}.Debug|Any CPU.ActiveCfg = Debug|Any CPU
		{66D2088B-EBE2-4214-9A2E-0A2F44873963}.Debug|Any CPU.Build.0 = Debug|Any CPU
		{66D2088B-EBE2-4214-9A2E-0A2F44873963}.Release|Any CPU.ActiveCfg = Release|Any CPU
		{66D2088B-EBE2-4214-9A2E-0A2F44873963}.Release|Any CPU.Build.0 = Release|Any CPU
		{12A9DE06-52C8-4B50-B845-76BBDC4481DA}.Debug|Any CPU.ActiveCfg = Debug|Any CPU
		{12A9DE06-52C8-4B50-B845-76BBDC4481DA}.Debug|Any CPU.Build.0 = Debug|Any CPU
		{12A9DE06-52C8-4B50-B845-76BBDC4481DA}.Release|Any CPU.ActiveCfg = Release|Any CPU
		{12A9DE06-52C8-4B50-B845-76BBDC4481DA}.Release|Any CPU.Build.0 = Release|Any CPU
	EndGlobalSection
EndGlobal
